
Microsoft Visual Studio Solution File, Format Version 12.00
# Visual Studio 15
VisualStudioVersion = 15.0.28010.2050
MinimumVisualStudioVersion = 10.0.40219.1
Project("{FAE04EC0-301F-11D3-BF4B-00C04F79EFBC}") = "ParkDACE", "ParkDACE\ParkDACE.csproj", "{D6D5EECC-0E16-48D2-9901-EF380FB81DAF}"
	ProjectSection(ProjectDependencies) = postProject
		{A99137A0-908C-4D5C-A0F9-50CF31D8DFBD} = {A99137A0-908C-4D5C-A0F9-50CF31D8DFBD}
	EndProjectSection
EndProject
Project("{FAE04EC0-301F-11D3-BF4B-00C04F79EFBC}") = "BOT-SpotSensors", "BOT-SpotSensors\BOT-SpotSensors.csproj", "{A99137A0-908C-4D5C-A0F9-50CF31D8DFBD}"
EndProject
Project("{FAE04EC0-301F-11D3-BF4B-00C04F79EFBC}") = "SmartPark", "SmartPark\SmartPark.csproj", "{08831AD5-C02A-4D4F-9BD1-FCF040B509AC}"
EndProject
Project("{FAE04EC0-301F-11D3-BF4B-00C04F79EFBC}") = "ParkSS", "ParkSS\ParkSS.csproj", "{2F021D48-DD1C-4B2D-AA4D-5D27192710E2}"
EndProject
Project("{FAE04EC0-301F-11D3-BF4B-00C04F79EFBC}") = "AdminDashboard", "AdminDashboard\AdminDashboard.csproj", "{EE813F39-DCC6-4343-BB4C-2AB01DB7F35E}"
EndProject
Global
	GlobalSection(SolutionConfigurationPlatforms) = preSolution
		Debug|Any CPU = Debug|Any CPU
		Release|Any CPU = Release|Any CPU
	EndGlobalSection
	GlobalSection(ProjectConfigurationPlatforms) = postSolution
		{D6D5EECC-0E16-48D2-9901-EF380FB81DAF}.Debug|Any CPU.ActiveCfg = Debug|Any CPU
		{D6D5EECC-0E16-48D2-9901-EF380FB81DAF}.Debug|Any CPU.Build.0 = Debug|Any CPU
		{D6D5EECC-0E16-48D2-9901-EF380FB81DAF}.Release|Any CPU.ActiveCfg = Release|Any CPU
		{D6D5EECC-0E16-48D2-9901-EF380FB81DAF}.Release|Any CPU.Build.0 = Release|Any CPU
		{A99137A0-908C-4D5C-A0F9-50CF31D8DFBD}.Debug|Any CPU.ActiveCfg = Debug|Any CPU
		{A99137A0-908C-4D5C-A0F9-50CF31D8DFBD}.Debug|Any CPU.Build.0 = Debug|Any CPU
		{A99137A0-908C-4D5C-A0F9-50CF31D8DFBD}.Release|Any CPU.ActiveCfg = Release|Any CPU
		{A99137A0-908C-4D5C-A0F9-50CF31D8DFBD}.Release|Any CPU.Build.0 = Release|Any CPU
		{08831AD5-C02A-4D4F-9BD1-FCF040B509AC}.Debug|Any CPU.ActiveCfg = Debug|Any CPU
		{08831AD5-C02A-4D4F-9BD1-FCF040B509AC}.Debug|Any CPU.Build.0 = Debug|Any CPU
		{08831AD5-C02A-4D4F-9BD1-FCF040B509AC}.Release|Any CPU.ActiveCfg = Release|Any CPU
		{08831AD5-C02A-4D4F-9BD1-FCF040B509AC}.Release|Any CPU.Build.0 = Release|Any CPU
		{2F021D48-DD1C-4B2D-AA4D-5D27192710E2}.Debug|Any CPU.ActiveCfg = Debug|Any CPU
		{2F021D48-DD1C-4B2D-AA4D-5D27192710E2}.Debug|Any CPU.Build.0 = Debug|Any CPU
		{2F021D48-DD1C-4B2D-AA4D-5D27192710E2}.Release|Any CPU.ActiveCfg = Release|Any CPU
		{2F021D48-DD1C-4B2D-AA4D-5D27192710E2}.Release|Any CPU.Build.0 = Release|Any CPU
		{EE813F39-DCC6-4343-BB4C-2AB01DB7F35E}.Debug|Any CPU.ActiveCfg = Debug|Any CPU
		{EE813F39-DCC6-4343-BB4C-2AB01DB7F35E}.Debug|Any CPU.Build.0 = Debug|Any CPU
		{EE813F39-DCC6-4343-BB4C-2AB01DB7F35E}.Release|Any CPU.ActiveCfg = Release|Any CPU
		{EE813F39-DCC6-4343-BB4C-2AB01DB7F35E}.Release|Any CPU.Build.0 = Release|Any CPU
	EndGlobalSection
	GlobalSection(SolutionProperties) = preSolution
		HideSolutionNode = FALSE
	EndGlobalSection
	GlobalSection(ExtensibilityGlobals) = postSolution
		SolutionGuid = {7C98AFB4-6CD1-4CA6-B189-9FB5A1CB7A9A}
	EndGlobalSection
EndGlobal
